
Microsoft Visual Studio Solution File, Format Version 12.00
# Visual Studio 15
VisualStudioVersion = 15.0.26228.9
MinimumVisualStudioVersion = 10.0.40219.1
Project("{FAE04EC0-301F-11D3-BF4B-00C04F79EFBC}") = "EvilCorp.SlackStorage.StorageService.WebHost", "EvilCorp.SlackStorage.StorageService.WebHost\EvilCorp.SlackStorage.StorageService.WebHost.csproj", "{E15C68F1-84E4-490C-83D9-373F6479C4BF}"
EndProject
Project("{E53339B2-1760-4266-BCC7-CA923CBCF16C}") = "docker-compose", "docker-compose.dcproj", "{31072DBE-B86A-49C7-BE5C-EA79755F061C}"
EndProject
Project("{FAE04EC0-301F-11D3-BF4B-00C04F79EFBC}") = "DataAccess", "DataAccess\DataAccess.csproj", "{B727D6EE-DC5B-4A95-94B5-EFB8F1C60792}"
EndProject
Project("{FAE04EC0-301F-11D3-BF4B-00C04F79EFBC}") = "DomainTypes", "DomainTypes\DomainTypes.csproj", "{88630A8F-5675-4F6D-B9D5-0FBB7E32E0A1}"
EndProject
Global
	GlobalSection(SolutionConfigurationPlatforms) = preSolution
		Debug|Any CPU = Debug|Any CPU
		Release|Any CPU = Release|Any CPU
	EndGlobalSection
	GlobalSection(ProjectConfigurationPlatforms) = postSolution
		{E15C68F1-84E4-490C-83D9-373F6479C4BF}.Debug|Any CPU.ActiveCfg = Debug|Any CPU
		{E15C68F1-84E4-490C-83D9-373F6479C4BF}.Debug|Any CPU.Build.0 = Debug|Any CPU
		{E15C68F1-84E4-490C-83D9-373F6479C4BF}.Release|Any CPU.ActiveCfg = Release|Any CPU
		{E15C68F1-84E4-490C-83D9-373F6479C4BF}.Release|Any CPU.Build.0 = Release|Any CPU
		{31072DBE-B86A-49C7-BE5C-EA79755F061C}.Debug|Any CPU.ActiveCfg = Debug|Any CPU
		{31072DBE-B86A-49C7-BE5C-EA79755F061C}.Debug|Any CPU.Build.0 = Debug|Any CPU
		{31072DBE-B86A-49C7-BE5C-EA79755F061C}.Release|Any CPU.ActiveCfg = Release|Any CPU
		{31072DBE-B86A-49C7-BE5C-EA79755F061C}.Release|Any CPU.Build.0 = Release|Any CPU
		{B727D6EE-DC5B-4A95-94B5-EFB8F1C60792}.Debug|Any CPU.ActiveCfg = Debug|Any CPU
		{B727D6EE-DC5B-4A95-94B5-EFB8F1C60792}.Debug|Any CPU.Build.0 = Debug|Any CPU
		{B727D6EE-DC5B-4A95-94B5-EFB8F1C60792}.Release|Any CPU.ActiveCfg = Release|Any CPU
		{B727D6EE-DC5B-4A95-94B5-EFB8F1C60792}.Release|Any CPU.Build.0 = Release|Any CPU
		{88630A8F-5675-4F6D-B9D5-0FBB7E32E0A1}.Debug|Any CPU.ActiveCfg = Debug|Any CPU
		{88630A8F-5675-4F6D-B9D5-0FBB7E32E0A1}.Debug|Any CPU.Build.0 = Debug|Any CPU
		{88630A8F-5675-4F6D-B9D5-0FBB7E32E0A1}.Release|Any CPU.ActiveCfg = Release|Any CPU
		{88630A8F-5675-4F6D-B9D5-0FBB7E32E0A1}.Release|Any CPU.Build.0 = Release|Any CPU
	EndGlobalSection
	GlobalSection(SolutionProperties) = preSolution
		HideSolutionNode = FALSE
	EndGlobalSection
EndGlobal
